
Microsoft Visual Studio Solution File, Format Version 12.00
# Visual Studio 15
VisualStudioVersion = 15.0.28307.705
MinimumVisualStudioVersion = 10.0.40219.1
Project("{FAE04EC0-301F-11D3-BF4B-00C04F79EFBC}") = "WpfLearningProject2", "WpfLearningProject2\WpfLearningProject2.csproj", "{2D82ABB2-6244-4687-BDE8-0D7FC30CFDDA}"
EndProject
Project("{FAE04EC0-301F-11D3-BF4B-00C04F79EFBC}") = "WpfLearningProject2.Core", "WpfLearningProject2.Core\WpfLearningProject2.Core.csproj", "{06559E11-9A70-4EC0-BF0E-C7A978549A8D}"
EndProject
Project("{FAE04EC0-301F-11D3-BF4B-00C04F79EFBC}") = "HeavyUI", "HeavyUI\HeavyUI.csproj", "{6E43F3B2-9F7D-4DDF-B639-247B55EB20FA}"
EndProject
Global
	GlobalSection(SolutionConfigurationPlatforms) = preSolution
		Debug|Any CPU = Debug|Any CPU
		Release|Any CPU = Release|Any CPU
	EndGlobalSection
	GlobalSection(ProjectConfigurationPlatforms) = postSolution
		{2D82ABB2-6244-4687-BDE8-0D7FC30CFDDA}.Debug|Any CPU.ActiveCfg = Debug|Any CPU
		{2D82ABB2-6244-4687-BDE8-0D7FC30CFDDA}.Debug|Any CPU.Build.0 = Debug|Any CPU
		{2D82ABB2-6244-4687-BDE8-0D7FC30CFDDA}.Release|Any CPU.ActiveCfg = Release|Any CPU
		{2D82ABB2-6244-4687-BDE8-0D7FC30CFDDA}.Release|Any CPU.Build.0 = Release|Any CPU
		{06559E11-9A70-4EC0-BF0E-C7A978549A8D}.Debug|Any CPU.ActiveCfg = Debug|Any CPU
		{06559E11-9A70-4EC0-BF0E-C7A978549A8D}.Debug|Any CPU.Build.0 = Debug|Any CPU
		{06559E11-9A70-4EC0-BF0E-C7A978549A8D}.Release|Any CPU.ActiveCfg = Release|Any CPU
		{06559E11-9A70-4EC0-BF0E-C7A978549A8D}.Release|Any CPU.Build.0 = Release|Any CPU
		{6E43F3B2-9F7D-4DDF-B639-247B55EB20FA}.Debug|Any CPU.ActiveCfg = Debug|Any CPU
		{6E43F3B2-9F7D-4DDF-B639-247B55EB20FA}.Debug|Any CPU.Build.0 = Debug|Any CPU
		{6E43F3B2-9F7D-4DDF-B639-247B55EB20FA}.Release|Any CPU.ActiveCfg = Release|Any CPU
		{6E43F3B2-9F7D-4DDF-B639-247B55EB20FA}.Release|Any CPU.Build.0 = Release|Any CPU
	EndGlobalSection
	GlobalSection(SolutionProperties) = preSolution
		HideSolutionNode = FALSE
	EndGlobalSection
	GlobalSection(ExtensibilityGlobals) = postSolution
		SolutionGuid = {1A29C238-2765-4A62-91FE-81F1C509CFF8}
	EndGlobalSection
EndGlobal
